
Microsoft Visual Studio Solution File, Format Version 12.00
# Visual Studio 15
VisualStudioVersion = 15.0.27004.2005
MinimumVisualStudioVersion = 10.0.40219.1
Project("{9A19103F-16F7-4668-BE54-9A1E7A4F7556}") = "Kinetix.Caching", "Kinetix.Caching\Kinetix.Caching.csproj", "{BA402883-F705-48A5-ADA4-618868F0EFC8}"
EndProject
Project("{9A19103F-16F7-4668-BE54-9A1E7A4F7556}") = "Kinetix.ComponentModel", "Kinetix.ComponentModel\Kinetix.ComponentModel.csproj", "{B133A308-F077-46C9-A0B5-EC5317F649C1}"
EndProject
Project("{9A19103F-16F7-4668-BE54-9A1E7A4F7556}") = "Kinetix.Database", "Kinetix.Database\Kinetix.Database.csproj", "{B2646453-BCCD-4E10-B6DC-2C83A1647DDE}"
EndProject
Project("{9A19103F-16F7-4668-BE54-9A1E7A4F7556}") = "Kinetix.Search", "Kinetix.Search\Kinetix.Search.csproj", "{BD30F5EF-08B5-4420-82CE-4DD1C1C3DA1D}"
EndProject
Project("{9A19103F-16F7-4668-BE54-9A1E7A4F7556}") = "Kinetix.Security", "Kinetix.Security\Kinetix.Security.csproj", "{EF9758EC-967A-4D56-8DE1-2D87134EB309}"
EndProject
Project("{9A19103F-16F7-4668-BE54-9A1E7A4F7556}") = "Kinetix.Services", "Kinetix.Services\Kinetix.Services.csproj", "{A4237813-BD91-4B8C-9FFA-F1C80456FB9A}"
EndProject
Project("{9A19103F-16F7-4668-BE54-9A1E7A4F7556}") = "Kinetix.Web", "Kinetix.Web\Kinetix.Web.csproj", "{0EE1D251-056A-40D1-BDB6-A6D8049D37EE}"
EndProject
Project("{2150E333-8FDC-42A3-9474-1A3956D46DE8}") = "KinetixCore", "KinetixCore", "{04BF3A67-ACE5-40CD-9122-25A8D7D1E37A}"
EndProject
Project("{2150E333-8FDC-42A3-9474-1A3956D46DE8}") = "KinetixCore-tools", "KinetixCore-tools", "{D9C3E2EC-C5B2-40E4-8174-8B73D169E634}"
EndProject
Project("{2150E333-8FDC-42A3-9474-1A3956D46DE8}") = "Tests", "Tests", "{A00775C7-C37D-4644-B577-71167E98D50E}"
EndProject
Global
	GlobalSection(SolutionConfigurationPlatforms) = preSolution
		Debug|Any CPU = Debug|Any CPU
		Release|Any CPU = Release|Any CPU
	EndGlobalSection
	GlobalSection(ProjectConfigurationPlatforms) = postSolution
		{BA402883-F705-48A5-ADA4-618868F0EFC8}.Debug|Any CPU.ActiveCfg = Debug|Any CPU
		{BA402883-F705-48A5-ADA4-618868F0EFC8}.Debug|Any CPU.Build.0 = Debug|Any CPU
		{BA402883-F705-48A5-ADA4-618868F0EFC8}.Release|Any CPU.ActiveCfg = Release|Any CPU
		{BA402883-F705-48A5-ADA4-618868F0EFC8}.Release|Any CPU.Build.0 = Release|Any CPU
		{B133A308-F077-46C9-A0B5-EC5317F649C1}.Debug|Any CPU.ActiveCfg = Debug|Any CPU
		{B133A308-F077-46C9-A0B5-EC5317F649C1}.Debug|Any CPU.Build.0 = Debug|Any CPU
		{B133A308-F077-46C9-A0B5-EC5317F649C1}.Release|Any CPU.ActiveCfg = Release|Any CPU
		{B133A308-F077-46C9-A0B5-EC5317F649C1}.Release|Any CPU.Build.0 = Release|Any CPU
		{B2646453-BCCD-4E10-B6DC-2C83A1647DDE}.Debug|Any CPU.ActiveCfg = Debug|Any CPU
		{B2646453-BCCD-4E10-B6DC-2C83A1647DDE}.Debug|Any CPU.Build.0 = Debug|Any CPU
		{B2646453-BCCD-4E10-B6DC-2C83A1647DDE}.Release|Any CPU.ActiveCfg = Release|Any CPU
		{B2646453-BCCD-4E10-B6DC-2C83A1647DDE}.Release|Any CPU.Build.0 = Release|Any CPU
		{BD30F5EF-08B5-4420-82CE-4DD1C1C3DA1D}.Debug|Any CPU.ActiveCfg = Debug|Any CPU
		{BD30F5EF-08B5-4420-82CE-4DD1C1C3DA1D}.Debug|Any CPU.Build.0 = Debug|Any CPU
		{BD30F5EF-08B5-4420-82CE-4DD1C1C3DA1D}.Release|Any CPU.ActiveCfg = Release|Any CPU
		{BD30F5EF-08B5-4420-82CE-4DD1C1C3DA1D}.Release|Any CPU.Build.0 = Release|Any CPU
		{EF9758EC-967A-4D56-8DE1-2D87134EB309}.Debug|Any CPU.ActiveCfg = Debug|Any CPU
		{EF9758EC-967A-4D56-8DE1-2D87134EB309}.Debug|Any CPU.Build.0 = Debug|Any CPU
		{EF9758EC-967A-4D56-8DE1-2D87134EB309}.Release|Any CPU.ActiveCfg = Release|Any CPU
		{EF9758EC-967A-4D56-8DE1-2D87134EB309}.Release|Any CPU.Build.0 = Release|Any CPU
		{A4237813-BD91-4B8C-9FFA-F1C80456FB9A}.Debug|Any CPU.ActiveCfg = Debug|Any CPU
		{A4237813-BD91-4B8C-9FFA-F1C80456FB9A}.Debug|Any CPU.Build.0 = Debug|Any CPU
		{A4237813-BD91-4B8C-9FFA-F1C80456FB9A}.Release|Any CPU.ActiveCfg = Release|Any CPU
		{A4237813-BD91-4B8C-9FFA-F1C80456FB9A}.Release|Any CPU.Build.0 = Release|Any CPU
		{0EE1D251-056A-40D1-BDB6-A6D8049D37EE}.Debug|Any CPU.ActiveCfg = Debug|Any CPU
		{0EE1D251-056A-40D1-BDB6-A6D8049D37EE}.Debug|Any CPU.Build.0 = Debug|Any CPU
		{0EE1D251-056A-40D1-BDB6-A6D8049D37EE}.Release|Any CPU.ActiveCfg = Release|Any CPU
		{0EE1D251-056A-40D1-BDB6-A6D8049D37EE}.Release|Any CPU.Build.0 = Release|Any CPU
	EndGlobalSection
	GlobalSection(SolutionProperties) = preSolution
		HideSolutionNode = FALSE
	EndGlobalSection
	GlobalSection(NestedProjects) = preSolution
		{BA402883-F705-48A5-ADA4-618868F0EFC8} = {04BF3A67-ACE5-40CD-9122-25A8D7D1E37A}
		{B133A308-F077-46C9-A0B5-EC5317F649C1} = {04BF3A67-ACE5-40CD-9122-25A8D7D1E37A}
		{B2646453-BCCD-4E10-B6DC-2C83A1647DDE} = {04BF3A67-ACE5-40CD-9122-25A8D7D1E37A}
		{BD30F5EF-08B5-4420-82CE-4DD1C1C3DA1D} = {04BF3A67-ACE5-40CD-9122-25A8D7D1E37A}
		{EF9758EC-967A-4D56-8DE1-2D87134EB309} = {04BF3A67-ACE5-40CD-9122-25A8D7D1E37A}
		{A4237813-BD91-4B8C-9FFA-F1C80456FB9A} = {04BF3A67-ACE5-40CD-9122-25A8D7D1E37A}
		{0EE1D251-056A-40D1-BDB6-A6D8049D37EE} = {04BF3A67-ACE5-40CD-9122-25A8D7D1E37A}
		{A00775C7-C37D-4644-B577-71167E98D50E} = {04BF3A67-ACE5-40CD-9122-25A8D7D1E37A}
	EndGlobalSection
	GlobalSection(ExtensibilityGlobals) = postSolution
		SolutionGuid = {B84B3C63-1FF5-49FD-BCAF-642A8DFDBC38}
	EndGlobalSection
EndGlobal
