
Microsoft Visual Studio Solution File, Format Version 12.00
# Visual Studio 15
VisualStudioVersion = 15.0.27004.2005
MinimumVisualStudioVersion = 10.0.40219.1
Project("{2150E333-8FDC-42A3-9474-1A3956D46DE8}") = "KinetixCore", "KinetixCore", "{04BF3A67-ACE5-40CD-9122-25A8D7D1E37A}"
EndProject
Project("{2150E333-8FDC-42A3-9474-1A3956D46DE8}") = "KinetixCore-tools", "KinetixCore-tools", "{D9C3E2EC-C5B2-40E4-8174-8B73D169E634}"
EndProject
Project("{2150E333-8FDC-42A3-9474-1A3956D46DE8}") = "Tests", "Tests", "{A00775C7-C37D-4644-B577-71167E98D50E}"
EndProject
Project("{9A19103F-16F7-4668-BE54-9A1E7A4F7556}") = "KinetixCore.Caching", "KinetixCore.Caching\KinetixCore.Caching.csproj", "{FBF468DC-5C1E-411E-AF59-50C8F3B83CF9}"
EndProject
Project("{9A19103F-16F7-4668-BE54-9A1E7A4F7556}") = "KinetixCore.ComponentModel", "KinetixCore.ComponentModel\KinetixCore.ComponentModel.csproj", "{EBF9B0A7-6BB8-4639-A80C-F85861E8E346}"
EndProject
Project("{9A19103F-16F7-4668-BE54-9A1E7A4F7556}") = "KinetixCore.SqlServer", "KinetixCore.SqlServer\KinetixCore.SqlServer.csproj", "{32D84396-F98B-40AF-82CE-9EE71992FCCF}"
EndProject
Project("{9A19103F-16F7-4668-BE54-9A1E7A4F7556}") = "KinetixCore.Search", "KinetixCore.Search\KinetixCore.Search.csproj", "{50B7B887-8F58-4C04-8C80-36677DC68EE2}"
EndProject
Project("{9A19103F-16F7-4668-BE54-9A1E7A4F7556}") = "KinetixCore.Services", "KinetixCore.Services\KinetixCore.Services.csproj", "{08E0C079-219E-48CA-976A-72AF1C7184EB}"
EndProject
Project("{9A19103F-16F7-4668-BE54-9A1E7A4F7556}") = "KinetixCore.Web", "KinetixCore.Web\KinetixCore.Web.csproj", "{B1AE9952-2406-4818-9530-6885C74ED77F}"
EndProject
Project("{9A19103F-16F7-4668-BE54-9A1E7A4F7556}") = "KinetixCore.Test", "Tests\KinetixCore.Test\KinetixCore.Test.csproj", "{39AF2ADD-55E0-41C4-8DD6-65DFEB63A441}"
EndProject
Project("{9A19103F-16F7-4668-BE54-9A1E7A4F7556}") = "KinetixCore.Caching.Test", "KinetixCore.Caching.Test\KinetixCore.Caching.Test.csproj", "{83143683-8CC3-41FA-9989-29B0A6E6F7F0}"
EndProject
Project("{9A19103F-16F7-4668-BE54-9A1E7A4F7556}") = "KinetixCore.ComponentModel.Test", "Tests\KinetixCore.ComponentModel.Test\KinetixCore.ComponentModel.Test.csproj", "{CF5F15BD-1E8D-4601-A2A9-0E7CEFB4C661}"
EndProject
Project("{9A19103F-16F7-4668-BE54-9A1E7A4F7556}") = "KinetixCore.Search.Test", "Tests\KinetixCore.Search.Test\KinetixCore.Search.Test.csproj", "{36086BA5-1579-4685-BB6B-D13ECBC13031}"
EndProject
Project("{9A19103F-16F7-4668-BE54-9A1E7A4F7556}") = "KinetixCore.Monitoring", "KinetixCore.Monitoring\KinetixCore.Monitoring.csproj", "{6019785B-9681-4091-BF3F-9CE429522F1E}"
EndProject
Project("{9A19103F-16F7-4668-BE54-9A1E7A4F7556}") = "KinetixCore.Monitoring.Test", "Tests\KinetixCore.Monitoring.Test\KinetixCore.Monitoring.Test.csproj", "{646D83B5-B252-4AFE-9199-555A17E12326}"
EndProject
Project("{9A19103F-16F7-4668-BE54-9A1E7A4F7556}") = "KinetixCore.AnalyticsServer", "..\KinetixCore-tools\KinetixCore.AnalyticsServer\KinetixCore.AnalyticsServer.csproj", "{F52EF8BC-1DB6-4888-ADCE-A61ED255901E}"
EndProject
Project("{9A19103F-16F7-4668-BE54-9A1E7A4F7556}") = "KinetixCore.Services.Autofac", "KinetixCore.Services.Autofac\KinetixCore.Services.Autofac.csproj", "{588362F9-3267-45B6-B3D2-1EB9EFAF5029}"
EndProject
Project("{FAE04EC0-301F-11D3-BF4B-00C04F79EFBC}") = "KinetixCore.Monitoring.Abstractions", "KinetixCore.Monitoring.Abstractions\KinetixCore.Monitoring.Abstractions.csproj", "{0D133FC9-4B14-46C3-9CFE-93C9F33DB520}"
EndProject
Global
	GlobalSection(SolutionConfigurationPlatforms) = preSolution
		Debug|Any CPU = Debug|Any CPU
		Release|Any CPU = Release|Any CPU
	EndGlobalSection
	GlobalSection(ProjectConfigurationPlatforms) = postSolution
		{FBF468DC-5C1E-411E-AF59-50C8F3B83CF9}.Debug|Any CPU.ActiveCfg = Debug|Any CPU
		{FBF468DC-5C1E-411E-AF59-50C8F3B83CF9}.Debug|Any CPU.Build.0 = Debug|Any CPU
		{FBF468DC-5C1E-411E-AF59-50C8F3B83CF9}.Release|Any CPU.ActiveCfg = Release|Any CPU
		{FBF468DC-5C1E-411E-AF59-50C8F3B83CF9}.Release|Any CPU.Build.0 = Release|Any CPU
		{EBF9B0A7-6BB8-4639-A80C-F85861E8E346}.Debug|Any CPU.ActiveCfg = Debug|Any CPU
		{EBF9B0A7-6BB8-4639-A80C-F85861E8E346}.Debug|Any CPU.Build.0 = Debug|Any CPU
		{EBF9B0A7-6BB8-4639-A80C-F85861E8E346}.Release|Any CPU.ActiveCfg = Release|Any CPU
		{EBF9B0A7-6BB8-4639-A80C-F85861E8E346}.Release|Any CPU.Build.0 = Release|Any CPU
		{32D84396-F98B-40AF-82CE-9EE71992FCCF}.Debug|Any CPU.ActiveCfg = Debug|Any CPU
		{32D84396-F98B-40AF-82CE-9EE71992FCCF}.Debug|Any CPU.Build.0 = Debug|Any CPU
		{32D84396-F98B-40AF-82CE-9EE71992FCCF}.Release|Any CPU.ActiveCfg = Release|Any CPU
		{32D84396-F98B-40AF-82CE-9EE71992FCCF}.Release|Any CPU.Build.0 = Release|Any CPU
		{50B7B887-8F58-4C04-8C80-36677DC68EE2}.Debug|Any CPU.ActiveCfg = Debug|Any CPU
		{50B7B887-8F58-4C04-8C80-36677DC68EE2}.Debug|Any CPU.Build.0 = Debug|Any CPU
		{50B7B887-8F58-4C04-8C80-36677DC68EE2}.Release|Any CPU.ActiveCfg = Release|Any CPU
		{50B7B887-8F58-4C04-8C80-36677DC68EE2}.Release|Any CPU.Build.0 = Release|Any CPU
		{08E0C079-219E-48CA-976A-72AF1C7184EB}.Debug|Any CPU.ActiveCfg = Debug|Any CPU
		{08E0C079-219E-48CA-976A-72AF1C7184EB}.Debug|Any CPU.Build.0 = Debug|Any CPU
		{08E0C079-219E-48CA-976A-72AF1C7184EB}.Release|Any CPU.ActiveCfg = Release|Any CPU
		{08E0C079-219E-48CA-976A-72AF1C7184EB}.Release|Any CPU.Build.0 = Release|Any CPU
		{B1AE9952-2406-4818-9530-6885C74ED77F}.Debug|Any CPU.ActiveCfg = Debug|Any CPU
		{B1AE9952-2406-4818-9530-6885C74ED77F}.Debug|Any CPU.Build.0 = Debug|Any CPU
		{B1AE9952-2406-4818-9530-6885C74ED77F}.Release|Any CPU.ActiveCfg = Release|Any CPU
		{B1AE9952-2406-4818-9530-6885C74ED77F}.Release|Any CPU.Build.0 = Release|Any CPU
		{39AF2ADD-55E0-41C4-8DD6-65DFEB63A441}.Debug|Any CPU.ActiveCfg = Debug|Any CPU
		{39AF2ADD-55E0-41C4-8DD6-65DFEB63A441}.Debug|Any CPU.Build.0 = Debug|Any CPU
		{39AF2ADD-55E0-41C4-8DD6-65DFEB63A441}.Release|Any CPU.ActiveCfg = Release|Any CPU
		{39AF2ADD-55E0-41C4-8DD6-65DFEB63A441}.Release|Any CPU.Build.0 = Release|Any CPU
		{83143683-8CC3-41FA-9989-29B0A6E6F7F0}.Debug|Any CPU.ActiveCfg = Debug|Any CPU
		{83143683-8CC3-41FA-9989-29B0A6E6F7F0}.Debug|Any CPU.Build.0 = Debug|Any CPU
		{83143683-8CC3-41FA-9989-29B0A6E6F7F0}.Release|Any CPU.ActiveCfg = Release|Any CPU
		{83143683-8CC3-41FA-9989-29B0A6E6F7F0}.Release|Any CPU.Build.0 = Release|Any CPU
		{CF5F15BD-1E8D-4601-A2A9-0E7CEFB4C661}.Debug|Any CPU.ActiveCfg = Debug|Any CPU
		{CF5F15BD-1E8D-4601-A2A9-0E7CEFB4C661}.Debug|Any CPU.Build.0 = Debug|Any CPU
		{CF5F15BD-1E8D-4601-A2A9-0E7CEFB4C661}.Release|Any CPU.ActiveCfg = Release|Any CPU
		{CF5F15BD-1E8D-4601-A2A9-0E7CEFB4C661}.Release|Any CPU.Build.0 = Release|Any CPU
		{36086BA5-1579-4685-BB6B-D13ECBC13031}.Debug|Any CPU.ActiveCfg = Debug|Any CPU
		{36086BA5-1579-4685-BB6B-D13ECBC13031}.Debug|Any CPU.Build.0 = Debug|Any CPU
		{36086BA5-1579-4685-BB6B-D13ECBC13031}.Release|Any CPU.ActiveCfg = Release|Any CPU
		{36086BA5-1579-4685-BB6B-D13ECBC13031}.Release|Any CPU.Build.0 = Release|Any CPU
		{6019785B-9681-4091-BF3F-9CE429522F1E}.Debug|Any CPU.ActiveCfg = Debug|Any CPU
		{6019785B-9681-4091-BF3F-9CE429522F1E}.Debug|Any CPU.Build.0 = Debug|Any CPU
		{6019785B-9681-4091-BF3F-9CE429522F1E}.Release|Any CPU.ActiveCfg = Release|Any CPU
		{6019785B-9681-4091-BF3F-9CE429522F1E}.Release|Any CPU.Build.0 = Release|Any CPU
		{646D83B5-B252-4AFE-9199-555A17E12326}.Debug|Any CPU.ActiveCfg = Debug|Any CPU
		{646D83B5-B252-4AFE-9199-555A17E12326}.Debug|Any CPU.Build.0 = Debug|Any CPU
		{646D83B5-B252-4AFE-9199-555A17E12326}.Release|Any CPU.ActiveCfg = Release|Any CPU
		{646D83B5-B252-4AFE-9199-555A17E12326}.Release|Any CPU.Build.0 = Release|Any CPU
		{F52EF8BC-1DB6-4888-ADCE-A61ED255901E}.Debug|Any CPU.ActiveCfg = Debug|Any CPU
		{F52EF8BC-1DB6-4888-ADCE-A61ED255901E}.Debug|Any CPU.Build.0 = Debug|Any CPU
		{F52EF8BC-1DB6-4888-ADCE-A61ED255901E}.Release|Any CPU.ActiveCfg = Release|Any CPU
		{F52EF8BC-1DB6-4888-ADCE-A61ED255901E}.Release|Any CPU.Build.0 = Release|Any CPU
		{588362F9-3267-45B6-B3D2-1EB9EFAF5029}.Debug|Any CPU.ActiveCfg = Debug|Any CPU
		{588362F9-3267-45B6-B3D2-1EB9EFAF5029}.Debug|Any CPU.Build.0 = Debug|Any CPU
		{588362F9-3267-45B6-B3D2-1EB9EFAF5029}.Release|Any CPU.ActiveCfg = Release|Any CPU
		{588362F9-3267-45B6-B3D2-1EB9EFAF5029}.Release|Any CPU.Build.0 = Release|Any CPU
		{0D133FC9-4B14-46C3-9CFE-93C9F33DB520}.Debug|Any CPU.ActiveCfg = Debug|Any CPU
		{0D133FC9-4B14-46C3-9CFE-93C9F33DB520}.Debug|Any CPU.Build.0 = Debug|Any CPU
		{0D133FC9-4B14-46C3-9CFE-93C9F33DB520}.Release|Any CPU.ActiveCfg = Release|Any CPU
		{0D133FC9-4B14-46C3-9CFE-93C9F33DB520}.Release|Any CPU.Build.0 = Release|Any CPU
	EndGlobalSection
	GlobalSection(SolutionProperties) = preSolution
		HideSolutionNode = FALSE
	EndGlobalSection
	GlobalSection(NestedProjects) = preSolution
		{A00775C7-C37D-4644-B577-71167E98D50E} = {04BF3A67-ACE5-40CD-9122-25A8D7D1E37A}
		{FBF468DC-5C1E-411E-AF59-50C8F3B83CF9} = {04BF3A67-ACE5-40CD-9122-25A8D7D1E37A}
		{EBF9B0A7-6BB8-4639-A80C-F85861E8E346} = {04BF3A67-ACE5-40CD-9122-25A8D7D1E37A}
		{32D84396-F98B-40AF-82CE-9EE71992FCCF} = {04BF3A67-ACE5-40CD-9122-25A8D7D1E37A}
		{50B7B887-8F58-4C04-8C80-36677DC68EE2} = {04BF3A67-ACE5-40CD-9122-25A8D7D1E37A}
		{08E0C079-219E-48CA-976A-72AF1C7184EB} = {04BF3A67-ACE5-40CD-9122-25A8D7D1E37A}
		{B1AE9952-2406-4818-9530-6885C74ED77F} = {04BF3A67-ACE5-40CD-9122-25A8D7D1E37A}
		{39AF2ADD-55E0-41C4-8DD6-65DFEB63A441} = {A00775C7-C37D-4644-B577-71167E98D50E}
		{83143683-8CC3-41FA-9989-29B0A6E6F7F0} = {A00775C7-C37D-4644-B577-71167E98D50E}
		{CF5F15BD-1E8D-4601-A2A9-0E7CEFB4C661} = {A00775C7-C37D-4644-B577-71167E98D50E}
		{36086BA5-1579-4685-BB6B-D13ECBC13031} = {A00775C7-C37D-4644-B577-71167E98D50E}
		{6019785B-9681-4091-BF3F-9CE429522F1E} = {04BF3A67-ACE5-40CD-9122-25A8D7D1E37A}
		{646D83B5-B252-4AFE-9199-555A17E12326} = {A00775C7-C37D-4644-B577-71167E98D50E}
		{F52EF8BC-1DB6-4888-ADCE-A61ED255901E} = {D9C3E2EC-C5B2-40E4-8174-8B73D169E634}
		{588362F9-3267-45B6-B3D2-1EB9EFAF5029} = {04BF3A67-ACE5-40CD-9122-25A8D7D1E37A}
		{0D133FC9-4B14-46C3-9CFE-93C9F33DB520} = {04BF3A67-ACE5-40CD-9122-25A8D7D1E37A}
	EndGlobalSection
	GlobalSection(ExtensibilityGlobals) = postSolution
		SolutionGuid = {B84B3C63-1FF5-49FD-BCAF-642A8DFDBC38}
	EndGlobalSection
EndGlobal
